
Microsoft Visual Studio Solution File, Format Version 12.00
# Visual Studio 14
VisualStudioVersion = 14.0.24720.0
MinimumVisualStudioVersion = 10.0.40219.1
Project("{FAE04EC0-301F-11D3-BF4B-00C04F79EFBC}") = "LightsDemo", "LightsDemo\LightsDemo.csproj", "{F21522BD-7D41-4012-92CE-CC4A6C598E36}"
EndProject
Project("{FAE04EC0-301F-11D3-BF4B-00C04F79EFBC}") = "ArduinoBluetoothLibrary", "E:\STUDIES\Windows 8 Store Apps\CODE SAMPLES\HAS Arduino Project\ArduinoBluetoothLibrary\ArduinoBluetoothLibrary\ArduinoBluetoothLibrary.csproj", "{9E7D4007-1D71-4945-A013-19001653CE28}"
EndProject
Global
	GlobalSection(SolutionConfigurationPlatforms) = preSolution
		Debug|Any CPU = Debug|Any CPU
		Debug|ARM = Debug|ARM
		Debug|x64 = Debug|x64
		Debug|x86 = Debug|x86
		Metro Debug|Any CPU = Metro Debug|Any CPU
		Metro Debug|ARM = Metro Debug|ARM
		Metro Debug|x64 = Metro Debug|x64
		Metro Debug|x86 = Metro Debug|x86
		Release|Any CPU = Release|Any CPU
		Release|ARM = Release|ARM
		Release|x64 = Release|x64
		Release|x86 = Release|x86
	EndGlobalSection
	GlobalSection(ProjectConfigurationPlatforms) = postSolution
		{F21522BD-7D41-4012-92CE-CC4A6C598E36}.Debug|Any CPU.ActiveCfg = Debug|x86
		{F21522BD-7D41-4012-92CE-CC4A6C598E36}.Debug|ARM.ActiveCfg = Debug|ARM
		{F21522BD-7D41-4012-92CE-CC4A6C598E36}.Debug|ARM.Build.0 = Debug|ARM
		{F21522BD-7D41-4012-92CE-CC4A6C598E36}.Debug|ARM.Deploy.0 = Debug|ARM
		{F21522BD-7D41-4012-92CE-CC4A6C598E36}.Debug|x64.ActiveCfg = Debug|x64
		{F21522BD-7D41-4012-92CE-CC4A6C598E36}.Debug|x64.Build.0 = Debug|x64
		{F21522BD-7D41-4012-92CE-CC4A6C598E36}.Debug|x64.Deploy.0 = Debug|x64
		{F21522BD-7D41-4012-92CE-CC4A6C598E36}.Debug|x86.ActiveCfg = Debug|x86
		{F21522BD-7D41-4012-92CE-CC4A6C598E36}.Debug|x86.Build.0 = Debug|x86
		{F21522BD-7D41-4012-92CE-CC4A6C598E36}.Debug|x86.Deploy.0 = Debug|x86
		{F21522BD-7D41-4012-92CE-CC4A6C598E36}.Metro Debug|Any CPU.ActiveCfg = Release|x64
		{F21522BD-7D41-4012-92CE-CC4A6C598E36}.Metro Debug|Any CPU.Build.0 = Release|x64
		{F21522BD-7D41-4012-92CE-CC4A6C598E36}.Metro Debug|Any CPU.Deploy.0 = Release|x64
		{F21522BD-7D41-4012-92CE-CC4A6C598E36}.Metro Debug|ARM.ActiveCfg = Debug|ARM
		{F21522BD-7D41-4012-92CE-CC4A6C598E36}.Metro Debug|ARM.Build.0 = Debug|ARM
		{F21522BD-7D41-4012-92CE-CC4A6C598E36}.Metro Debug|ARM.Deploy.0 = Debug|ARM
		{F21522BD-7D41-4012-92CE-CC4A6C598E36}.Metro Debug|x64.ActiveCfg = Debug|x64
		{F21522BD-7D41-4012-92CE-CC4A6C598E36}.Metro Debug|x64.Build.0 = Debug|x64
		{F21522BD-7D41-4012-92CE-CC4A6C598E36}.Metro Debug|x64.Deploy.0 = Debug|x64
		{F21522BD-7D41-4012-92CE-CC4A6C598E36}.Metro Debug|x86.ActiveCfg = Debug|x86
		{F21522BD-7D41-4012-92CE-CC4A6C598E36}.Metro Debug|x86.Build.0 = Debug|x86
		{F21522BD-7D41-4012-92CE-CC4A6C598E36}.Metro Debug|x86.Deploy.0 = Debug|x86
		{F21522BD-7D41-4012-92CE-CC4A6C598E36}.Release|Any CPU.ActiveCfg = Release|x86
		{F21522BD-7D41-4012-92CE-CC4A6C598E36}.Release|ARM.ActiveCfg = Release|ARM
		{F21522BD-7D41-4012-92CE-CC4A6C598E36}.Release|ARM.Build.0 = Release|ARM
		{F21522BD-7D41-4012-92CE-CC4A6C598E36}.Release|ARM.Deploy.0 = Release|ARM
		{F21522BD-7D41-4012-92CE-CC4A6C598E36}.Release|x64.ActiveCfg = Release|x64
		{F21522BD-7D41-4012-92CE-CC4A6C598E36}.Release|x64.Build.0 = Release|x64
		{F21522BD-7D41-4012-92CE-CC4A6C598E36}.Release|x64.Deploy.0 = Release|x64
		{F21522BD-7D41-4012-92CE-CC4A6C598E36}.Release|x86.ActiveCfg = Release|x86
		{F21522BD-7D41-4012-92CE-CC4A6C598E36}.Release|x86.Build.0 = Release|x86
		{F21522BD-7D41-4012-92CE-CC4A6C598E36}.Release|x86.Deploy.0 = Release|x86
		{9E7D4007-1D71-4945-A013-19001653CE28}.Debug|Any CPU.ActiveCfg = Debug|Any CPU
		{9E7D4007-1D71-4945-A013-19001653CE28}.Debug|Any CPU.Build.0 = Debug|Any CPU
		{9E7D4007-1D71-4945-A013-19001653CE28}.Debug|ARM.ActiveCfg = Debug|Any CPU
		{9E7D4007-1D71-4945-A013-19001653CE28}.Debug|ARM.Build.0 = Debug|Any CPU
		{9E7D4007-1D71-4945-A013-19001653CE28}.Debug|x64.ActiveCfg = Debug|Any CPU
		{9E7D4007-1D71-4945-A013-19001653CE28}.Debug|x64.Build.0 = Debug|Any CPU
		{9E7D4007-1D71-4945-A013-19001653CE28}.Debug|x86.ActiveCfg = Debug|Any CPU
		{9E7D4007-1D71-4945-A013-19001653CE28}.Debug|x86.Build.0 = Debug|Any CPU
		{9E7D4007-1D71-4945-A013-19001653CE28}.Metro Debug|Any CPU.ActiveCfg = Metro Debug|Any CPU
		{9E7D4007-1D71-4945-A013-19001653CE28}.Metro Debug|Any CPU.Build.0 = Metro Debug|Any CPU
		{9E7D4007-1D71-4945-A013-19001653CE28}.Metro Debug|ARM.ActiveCfg = Metro Debug|Any CPU
		{9E7D4007-1D71-4945-A013-19001653CE28}.Metro Debug|ARM.Build.0 = Metro Debug|Any CPU
		{9E7D4007-1D71-4945-A013-19001653CE28}.Metro Debug|x64.ActiveCfg = Metro Debug|Any CPU
		{9E7D4007-1D71-4945-A013-19001653CE28}.Metro Debug|x64.Build.0 = Metro Debug|Any CPU
		{9E7D4007-1D71-4945-A013-19001653CE28}.Metro Debug|x86.ActiveCfg = Metro Debug|Any CPU
		{9E7D4007-1D71-4945-A013-19001653CE28}.Metro Debug|x86.Build.0 = Metro Debug|Any CPU
		{9E7D4007-1D71-4945-A013-19001653CE28}.Release|Any CPU.ActiveCfg = Release|Any CPU
		{9E7D4007-1D71-4945-A013-19001653CE28}.Release|Any CPU.Build.0 = Release|Any CPU
		{9E7D4007-1D71-4945-A013-19001653CE28}.Release|ARM.ActiveCfg = Release|Any CPU
		{9E7D4007-1D71-4945-A013-19001653CE28}.Release|ARM.Build.0 = Release|Any CPU
		{9E7D4007-1D71-4945-A013-19001653CE28}.Release|x64.ActiveCfg = Release|Any CPU
		{9E7D4007-1D71-4945-A013-19001653CE28}.Release|x64.Build.0 = Release|Any CPU
		{9E7D4007-1D71-4945-A013-19001653CE28}.Release|x86.ActiveCfg = Release|Any CPU
		{9E7D4007-1D71-4945-A013-19001653CE28}.Release|x86.Build.0 = Release|Any CPU
	EndGlobalSection
	GlobalSection(SolutionProperties) = preSolution
		HideSolutionNode = FALSE
	EndGlobalSection
EndGlobal
